
Microsoft Visual Studio Solution File, Format Version 12.00
# Visual Studio Version 16
VisualStudioVersion = 16.0.29215.179
MinimumVisualStudioVersion = 10.0.40219.1
Project("{FAE04EC0-301F-11D3-BF4B-00C04F79EFBC}") = "URLChecker", "URLChecker\URLChecker.csproj", "{208698F2-7AC9-4F8F-84DB-4DF6D9D1278B}"
EndProject
Global
	GlobalSection(SolutionConfigurationPlatforms) = preSolution
		Debug|Any CPU = Debug|Any CPU
		Release|Any CPU = Release|Any CPU
	EndGlobalSection
	GlobalSection(ProjectConfigurationPlatforms) = postSolution
		{208698F2-7AC9-4F8F-84DB-4DF6D9D1278B}.Debug|Any CPU.ActiveCfg = Debug|Any CPU
		{208698F2-7AC9-4F8F-84DB-4DF6D9D1278B}.Debug|Any CPU.Build.0 = Debug|Any CPU
		{208698F2-7AC9-4F8F-84DB-4DF6D9D1278B}.Release|Any CPU.ActiveCfg = Release|Any CPU
		{208698F2-7AC9-4F8F-84DB-4DF6D9D1278B}.Release|Any CPU.Build.0 = Release|Any CPU
	EndGlobalSection
	GlobalSection(SolutionProperties) = preSolution
		HideSolutionNode = FALSE
	EndGlobalSection
	GlobalSection(ExtensibilityGlobals) = postSolution
		SolutionGuid = {53CE48F1-200D-4592-A1F3-6F7F7DB22880}
	EndGlobalSection
EndGlobal
